// !$*UTF8*$!
{
	archiveVersion = 1;
	classes = {
	};
	objectVersion = 56;
	objects = {

/* Begin PBXBuildFile section */
		50EAA4C32C58EC3F003D755A /* AppDelegate.swift in Sources */ = {isa = PBXBuildFile; fileRef = 50EAA4C22C58EC3F003D755A /* AppDelegate.swift */; };
		50EAA4C52C58EC3F003D755A /* SceneDelegate.swift in Sources */ = {isa = PBXBuildFile; fileRef = 50EAA4C42C58EC3F003D755A /* SceneDelegate.swift */; };
		50EAA4C72C58EC3F003D755A /* ImageFeedViewController.swift in Sources */ = {isa = PBXBuildFile; fileRef = 50EAA4C62C58EC3F003D755A /* ImageFeedViewController.swift */; };
		50EAA4CC2C58EC42003D755A /* Assets.xcassets in Resources */ = {isa = PBXBuildFile; fileRef = 50EAA4CB2C58EC42003D755A /* Assets.xcassets */; };
		50EAA4CF2C58EC42003D755A /* Base in Resources */ = {isa = PBXBuildFile; fileRef = 50EAA4CE2C58EC42003D755A /* Base */; };
		50EAA4D82C58F2AB003D755A /* DesignSystem.swift in Sources */ = {isa = PBXBuildFile; fileRef = 50EAA4D72C58F2AB003D755A /* DesignSystem.swift */; };
		50EAA4DA2C58F363003D755A /* ImageFeedComposer.swift in Sources */ = {isa = PBXBuildFile; fileRef = 50EAA4D92C58F363003D755A /* ImageFeedComposer.swift */; };
		50EAA4E12C58F54C003D755A /* ImageFeedDataSource.swift in Sources */ = {isa = PBXBuildFile; fileRef = 50EAA4E02C58F54C003D755A /* ImageFeedDataSource.swift */; };
		50EAA4E42C58F592003D755A /* ImageItemCell.swift in Sources */ = {isa = PBXBuildFile; fileRef = 50EAA4E32C58F592003D755A /* ImageItemCell.swift */; };
		50EAA4E82C58F61E003D755A /* ReuseIdentifier.swift in Sources */ = {isa = PBXBuildFile; fileRef = 50EAA4E72C58F61E003D755A /* ReuseIdentifier.swift */; };
/* End PBXBuildFile section */

/* Begin PBXFileReference section */
		50EAA4BF2C58EC3F003D755A /* ImageFeed.app */ = {isa = PBXFileReference; explicitFileType = wrapper.application; includeInIndex = 0; path = ImageFeed.app; sourceTree = BUILT_PRODUCTS_DIR; };
		50EAA4C22C58EC3F003D755A /* AppDelegate.swift */ = {isa = PBXFileReference; lastKnownFileType = sourcecode.swift; path = AppDelegate.swift; sourceTree = "<group>"; };
		50EAA4C42C58EC3F003D755A /* SceneDelegate.swift */ = {isa = PBXFileReference; lastKnownFileType = sourcecode.swift; path = SceneDelegate.swift; sourceTree = "<group>"; };
		50EAA4C62C58EC3F003D755A /* ImageFeedViewController.swift */ = {isa = PBXFileReference; lastKnownFileType = sourcecode.swift; path = ImageFeedViewController.swift; sourceTree = "<group>"; };
		50EAA4CB2C58EC42003D755A /* Assets.xcassets */ = {isa = PBXFileReference; lastKnownFileType = folder.assetcatalog; path = Assets.xcassets; sourceTree = "<group>"; };
		50EAA4CE2C58EC42003D755A /* Base */ = {isa = PBXFileReference; lastKnownFileType = file.storyboard; name = Base; path = Base.lproj/LaunchScreen.storyboard; sourceTree = "<group>"; };
		50EAA4D02C58EC42003D755A /* Info.plist */ = {isa = PBXFileReference; lastKnownFileType = text.plist.xml; path = Info.plist; sourceTree = "<group>"; };
		50EAA4D72C58F2AB003D755A /* DesignSystem.swift */ = {isa = PBXFileReference; lastKnownFileType = sourcecode.swift; path = DesignSystem.swift; sourceTree = "<group>"; };
		50EAA4D92C58F363003D755A /* ImageFeedComposer.swift */ = {isa = PBXFileReference; lastKnownFileType = sourcecode.swift; path = ImageFeedComposer.swift; sourceTree = "<group>"; };
		50EAA4E02C58F54C003D755A /* ImageFeedDataSource.swift */ = {isa = PBXFileReference; lastKnownFileType = sourcecode.swift; path = ImageFeedDataSource.swift; sourceTree = "<group>"; };
		50EAA4E32C58F592003D755A /* ImageItemCell.swift */ = {isa = PBXFileReference; lastKnownFileType = sourcecode.swift; path = ImageItemCell.swift; sourceTree = "<group>"; };
		50EAA4E72C58F61E003D755A /* ReuseIdentifier.swift */ = {isa = PBXFileReference; lastKnownFileType = sourcecode.swift; path = ReuseIdentifier.swift; sourceTree = "<group>"; };
/* End PBXFileReference section */

/* Begin PBXFrameworksBuildPhase section */
		50EAA4BC2C58EC3F003D755A /* Frameworks */ = {
			isa = PBXFrameworksBuildPhase;
			buildActionMask = 2147483647;
			files = (
			);
			runOnlyForDeploymentPostprocessing = 0;
		};
/* End PBXFrameworksBuildPhase section */

/* Begin PBXGroup section */
		50EAA4B62C58EC3F003D755A = {
			isa = PBXGroup;
			children = (
				50EAA4C12C58EC3F003D755A /* ImageFeed */,
				50EAA4C02C58EC3F003D755A /* Products */,
			);
			sourceTree = "<group>";
		};
		50EAA4C02C58EC3F003D755A /* Products */ = {
			isa = PBXGroup;
			children = (
				50EAA4BF2C58EC3F003D755A /* ImageFeed.app */,
			);
			name = Products;
			sourceTree = "<group>";
		};
		50EAA4C12C58EC3F003D755A /* ImageFeed */ = {
			isa = PBXGroup;
			children = (
				50EAA4EA2C58F9DC003D755A /* App */,
				50EAA4DB2C58F4FD003D755A /* Screens */,
				50EAA4D62C58F28F003D755A /* DesignSystem */,
				50EAA4E52C58F5F5003D755A /* Foundation */,
				50EAA4CD2C58EC42003D755A /* LaunchScreen.storyboard */,
				50EAA4D02C58EC42003D755A /* Info.plist */,
			);
			path = ImageFeed;
			sourceTree = "<group>";
		};
		50EAA4D62C58F28F003D755A /* DesignSystem */ = {
			isa = PBXGroup;
			children = (
				50EAA4D72C58F2AB003D755A /* DesignSystem.swift */,
			);
			path = DesignSystem;
			sourceTree = "<group>";
		};
		50EAA4DB2C58F4FD003D755A /* Screens */ = {
			isa = PBXGroup;
			children = (
				50EAA4DC2C58F504003D755A /* ImageFeed */,
			);
			path = Screens;
			sourceTree = "<group>";
		};
		50EAA4DC2C58F504003D755A /* ImageFeed */ = {
			isa = PBXGroup;
			children = (
				50EAA4DF2C58F52E003D755A /* Models */,
				50EAA4DE2C58F51A003D755A /* ViewModel */,
				50EAA4DD2C58F513003D755A /* View */,
			);
			path = ImageFeed;
			sourceTree = "<group>";
		};
		50EAA4DD2C58F513003D755A /* View */ = {
			isa = PBXGroup;
			children = (
				50EAA4E22C58F578003D755A /* Cells */,
				50EAA4E02C58F54C003D755A /* ImageFeedDataSource.swift */,
				50EAA4C62C58EC3F003D755A /* ImageFeedViewController.swift */,
				50EAA4D92C58F363003D755A /* ImageFeedComposer.swift */,
			);
			path = View;
			sourceTree = "<group>";
		};
		50EAA4DE2C58F51A003D755A /* ViewModel */ = {
			isa = PBXGroup;
			children = (
			);
			path = ViewModel;
			sourceTree = "<group>";
		};
		50EAA4DF2C58F52E003D755A /* Models */ = {
			isa = PBXGroup;
			children = (
			);
			path = Models;
			sourceTree = "<group>";
		};
		50EAA4E22C58F578003D755A /* Cells */ = {
			isa = PBXGroup;
			children = (
				50EAA4E32C58F592003D755A /* ImageItemCell.swift */,
			);
			path = Cells;
			sourceTree = "<group>";
		};
		50EAA4E52C58F5F5003D755A /* Foundation */ = {
			isa = PBXGroup;
			children = (
				50EAA4E62C58F607003D755A /* Extensions */,
				50EAA4CB2C58EC42003D755A /* Assets.xcassets */,
			);
			path = Foundation;
			sourceTree = "<group>";
		};
		50EAA4E62C58F607003D755A /* Extensions */ = {
			isa = PBXGroup;
			children = (
				50EAA4E72C58F61E003D755A /* ReuseIdentifier.swift */,
			);
			path = Extensions;
			sourceTree = "<group>";
		};
		50EAA4EA2C58F9DC003D755A /* App */ = {
			isa = PBXGroup;
			children = (
				50EAA4C22C58EC3F003D755A /* AppDelegate.swift */,
				50EAA4C42C58EC3F003D755A /* SceneDelegate.swift */,
			);
			path = App;
			sourceTree = "<group>";
		};
/* End PBXGroup section */

/* Begin PBXNativeTarget section */
		50EAA4BE2C58EC3F003D755A /* ImageFeed */ = {
			isa = PBXNativeTarget;
			buildConfigurationList = 50EAA4D32C58EC42003D755A /* Build configuration list for PBXNativeTarget "ImageFeed" */;
			buildPhases = (
				50EAA4BB2C58EC3F003D755A /* Sources */,
				50EAA4BC2C58EC3F003D755A /* Frameworks */,
				50EAA4BD2C58EC3F003D755A /* Resources */,
			);
			buildRules = (
			);
			dependencies = (
			);
			name = ImageFeed;
			productName = ImageFeed;
			productReference = 50EAA4BF2C58EC3F003D755A /* ImageFeed.app */;
			productType = "com.apple.product-type.application";
		};
/* End PBXNativeTarget section */

/* Begin PBXProject section */
		50EAA4B72C58EC3F003D755A /* Project object */ = {
			isa = PBXProject;
			attributes = {
				BuildIndependentTargetsInParallel = 1;
				LastSwiftUpdateCheck = 1540;
				LastUpgradeCheck = 1540;
				TargetAttributes = {
					50EAA4BE2C58EC3F003D755A = {
						CreatedOnToolsVersion = 15.4;
					};
				};
			};
			buildConfigurationList = 50EAA4BA2C58EC3F003D755A /* Build configuration list for PBXProject "ImageFeed" */;
			compatibilityVersion = "Xcode 14.0";
			developmentRegion = en;
			hasScannedForEncodings = 0;
			knownRegions = (
				en,
				Base,
			);
			mainGroup = 50EAA4B62C58EC3F003D755A;
			productRefGroup = 50EAA4C02C58EC3F003D755A /* Products */;
			projectDirPath = "";
			projectRoot = "";
			targets = (
				50EAA4BE2C58EC3F003D755A /* ImageFeed */,
			);
		};
/* End PBXProject section */

/* Begin PBXResourcesBuildPhase section */
		50EAA4BD2C58EC3F003D755A /* Resources */ = {
			isa = PBXResourcesBuildPhase;
			buildActionMask = 2147483647;
			files = (
				50EAA4CC2C58EC42003D755A /* Assets.xcassets in Resources */,
				50EAA4CF2C58EC42003D755A /* Base in Resources */,
			);
			runOnlyForDeploymentPostprocessing = 0;
		};
/* End PBXResourcesBuildPhase section */

/* Begin PBXSourcesBuildPhase section */
		50EAA4BB2C58EC3F003D755A /* Sources */ = {
			isa = PBXSourcesBuildPhase;
			buildActionMask = 2147483647;
			files = (
				50EAA4E42C58F592003D755A /* ImageItemCell.swift in Sources */,
				50EAA4D82C58F2AB003D755A /* DesignSystem.swift in Sources */,
				50EAA4C72C58EC3F003D755A /* ImageFeedViewController.swift in Sources */,
				50EAA4E12C58F54C003D755A /* ImageFeedDataSource.swift in Sources */,
				50EAA4C32C58EC3F003D755A /* AppDelegate.swift in Sources */,
				50EAA4DA2C58F363003D755A /* ImageFeedComposer.swift in Sources */,
				50EAA4C52C58EC3F003D755A /* SceneDelegate.swift in Sources */,
				50EAA4E82C58F61E003D755A /* ReuseIdentifier.swift in Sources */,
			);
			runOnlyForDeploymentPostprocessing = 0;
		};
/* End PBXSourcesBuildPhase section */

/* Begin PBXVariantGroup section */
		50EAA4CD2C58EC42003D755A /* LaunchScreen.storyboard */ = {
			isa = PBXVariantGroup;
			children = (
				50EAA4CE2C58EC42003D755A /* Base */,
			);
			name = LaunchScreen.storyboard;
			sourceTree = "<group>";
		};
/* End PBXVariantGroup section */

/* Begin XCBuildConfiguration section */
		50EAA4D12C58EC42003D755A /* Debug */ = {
			isa = XCBuildConfiguration;
			buildSettings = {
				ALWAYS_SEARCH_USER_PATHS = NO;
				ASSETCATALOG_COMPILER_GENERATE_SWIFT_ASSET_SYMBOL_EXTENSIONS = YES;
				CLANG_ANALYZER_NONNULL = YES;
				CLANG_ANALYZER_NUMBER_OBJECT_CONVERSION = YES_AGGRESSIVE;
				CLANG_CXX_LANGUAGE_STANDARD = "gnu++20";
				CLANG_ENABLE_MODULES = YES;
				CLANG_ENABLE_OBJC_ARC = YES;
				CLANG_ENABLE_OBJC_WEAK = YES;
				CLANG_WARN_BLOCK_CAPTURE_AUTORELEASING = YES;
				CLANG_WARN_BOOL_CONVERSION = YES;
				CLANG_WARN_COMMA = YES;
				CLANG_WARN_CONSTANT_CONVERSION = YES;
				CLANG_WARN_DEPRECATED_OBJC_IMPLEMENTATIONS = YES;
				CLANG_WARN_DIRECT_OBJC_ISA_USAGE = YES_ERROR;
				CLANG_WARN_DOCUMENTATION_COMMENTS = YES;
				CLANG_WARN_EMPTY_BODY = YES;
				CLANG_WARN_ENUM_CONVERSION = YES;
				CLANG_WARN_INFINITE_RECURSION = YES;
				CLANG_WARN_INT_CONVERSION = YES;
				CLANG_WARN_NON_LITERAL_NULL_CONVERSION = YES;
				CLANG_WARN_OBJC_IMPLICIT_RETAIN_SELF = YES;
				CLANG_WARN_OBJC_LITERAL_CONVERSION = YES;
				CLANG_WARN_OBJC_ROOT_CLASS = YES_ERROR;
				CLANG_WARN_QUOTED_INCLUDE_IN_FRAMEWORK_HEADER = YES;
				CLANG_WARN_RANGE_LOOP_ANALYSIS = YES;
				CLANG_WARN_STRICT_PROTOTYPES = YES;
				CLANG_WARN_SUSPICIOUS_MOVE = YES;
				CLANG_WARN_UNGUARDED_AVAILABILITY = YES_AGGRESSIVE;
				CLANG_WARN_UNREACHABLE_CODE = YES;
				CLANG_WARN__DUPLICATE_METHOD_MATCH = YES;
				COPY_PHASE_STRIP = NO;
				DEBUG_INFORMATION_FORMAT = dwarf;
				ENABLE_STRICT_OBJC_MSGSEND = YES;
				ENABLE_TESTABILITY = YES;
				ENABLE_USER_SCRIPT_SANDBOXING = YES;
				GCC_C_LANGUAGE_STANDARD = gnu17;
				GCC_DYNAMIC_NO_PIC = NO;
				GCC_NO_COMMON_BLOCKS = YES;
				GCC_OPTIMIZATION_LEVEL = 0;
				GCC_PREPROCESSOR_DEFINITIONS = (
					"DEBUG=1",
					"$(inherited)",
				);
				GCC_WARN_64_TO_32_BIT_CONVERSION = YES;
				GCC_WARN_ABOUT_RETURN_TYPE = YES_ERROR;
				GCC_WARN_UNDECLARED_SELECTOR = YES;
				GCC_WARN_UNINITIALIZED_AUTOS = YES_AGGRESSIVE;
				GCC_WARN_UNUSED_FUNCTION = YES;
				GCC_WARN_UNUSED_VARIABLE = YES;
				IPHONEOS_DEPLOYMENT_TARGET = 17.5;
				LOCALIZATION_PREFERS_STRING_CATALOGS = YES;
				MTL_ENABLE_DEBUG_INFO = INCLUDE_SOURCE;
				MTL_FAST_MATH = YES;
				ONLY_ACTIVE_ARCH = YES;
				SDKROOT = iphoneos;
				SWIFT_ACTIVE_COMPILATION_CONDITIONS = "DEBUG $(inherited)";
				SWIFT_OPTIMIZATION_LEVEL = "-Onone";
			};
			name = Debug;
		};
		50EAA4D22C58EC42003D755A /* Release */ = {
			isa = XCBuildConfiguration;
			buildSettings = {
				ALWAYS_SEARCH_USER_PATHS = NO;
				ASSETCATALOG_COMPILER_GENERATE_SWIFT_ASSET_SYMBOL_EXTENSIONS = YES;
				CLANG_ANALYZER_NONNULL = YES;
				CLANG_ANALYZER_NUMBER_OBJECT_CONVERSION = YES_AGGRESSIVE;
				CLANG_CXX_LANGUAGE_STANDARD = "gnu++20";
				CLANG_ENABLE_MODULES = YES;
				CLANG_ENABLE_OBJC_ARC = YES;
				CLANG_ENABLE_OBJC_WEAK = YES;
				CLANG_WARN_BLOCK_CAPTURE_AUTORELEASING = YES;
				CLANG_WARN_BOOL_CONVERSION = YES;
				CLANG_WARN_COMMA = YES;
				CLANG_WARN_CONSTANT_CONVERSION = YES;
				CLANG_WARN_DEPRECATED_OBJC_IMPLEMENTATIONS = YES;
				CLANG_WARN_DIRECT_OBJC_ISA_USAGE = YES_ERROR;
				CLANG_WARN_DOCUMENTATION_COMMENTS = YES;
				CLANG_WARN_EMPTY_BODY = YES;
				CLANG_WARN_ENUM_CONVERSION = YES;
				CLANG_WARN_INFINITE_RECURSION = YES;
				CLANG_WARN_INT_CONVERSION = YES;
				CLANG_WARN_NON_LITERAL_NULL_CONVERSION = YES;
				CLANG_WARN_OBJC_IMPLICIT_RETAIN_SELF = YES;
				CLANG_WARN_OBJC_LITERAL_CONVERSION = YES;
				CLANG_WARN_OBJC_ROOT_CLASS = YES_ERROR;
				CLANG_WARN_QUOTED_INCLUDE_IN_FRAMEWORK_HEADER = YES;
				CLANG_WARN_RANGE_LOOP_ANALYSIS = YES;
				CLANG_WARN_STRICT_PROTOTYPES = YES;
				CLANG_WARN_SUSPICIOUS_MOVE = YES;
				CLANG_WARN_UNGUARDED_AVAILABILITY = YES_AGGRESSIVE;
				CLANG_WARN_UNREACHABLE_CODE = YES;
				CLANG_WARN__DUPLICATE_METHOD_MATCH = YES;
				COPY_PHASE_STRIP = NO;
				DEBUG_INFORMATION_FORMAT = "dwarf-with-dsym";
				ENABLE_NS_ASSERTIONS = NO;
				ENABLE_STRICT_OBJC_MSGSEND = YES;
				ENABLE_USER_SCRIPT_SANDBOXING = YES;
				GCC_C_LANGUAGE_STANDARD = gnu17;
				GCC_NO_COMMON_BLOCKS = YES;
				GCC_WARN_64_TO_32_BIT_CONVERSION = YES;
				GCC_WARN_ABOUT_RETURN_TYPE = YES_ERROR;
				GCC_WARN_UNDECLARED_SELECTOR = YES;
				GCC_WARN_UNINITIALIZED_AUTOS = YES_AGGRESSIVE;
				GCC_WARN_UNUSED_FUNCTION = YES;
				GCC_WARN_UNUSED_VARIABLE = YES;
				IPHONEOS_DEPLOYMENT_TARGET = 17.5;
				LOCALIZATION_PREFERS_STRING_CATALOGS = YES;
				MTL_ENABLE_DEBUG_INFO = NO;
				MTL_FAST_MATH = YES;
				SDKROOT = iphoneos;
				SWIFT_COMPILATION_MODE = wholemodule;
				VALIDATE_PRODUCT = YES;
			};
			name = Release;
		};
		50EAA4D42C58EC42003D755A /* Debug */ = {
			isa = XCBuildConfiguration;
			buildSettings = {
				ASSETCATALOG_COMPILER_APPICON_NAME = AppIcon;
				ASSETCATALOG_COMPILER_GLOBAL_ACCENT_COLOR_NAME = AccentColor;
				CODE_SIGN_STYLE = Automatic;
				CURRENT_PROJECT_VERSION = 1;
				DEVELOPMENT_TEAM = TJ9KDXMGMG;
				GENERATE_INFOPLIST_FILE = YES;
				INFOPLIST_FILE = ImageFeed/Info.plist;
				INFOPLIST_KEY_UIApplicationSupportsIndirectInputEvents = YES;
				INFOPLIST_KEY_UILaunchStoryboardName = LaunchScreen;
				INFOPLIST_KEY_UIMainStoryboardFile = "";
				INFOPLIST_KEY_UISupportedInterfaceOrientations_iPad = "UIInterfaceOrientationPortrait UIInterfaceOrientationPortraitUpsideDown UIInterfaceOrientationLandscapeLeft UIInterfaceOrientationLandscapeRight";
				INFOPLIST_KEY_UISupportedInterfaceOrientations_iPhone = "UIInterfaceOrientationPortrait UIInterfaceOrientationLandscapeLeft UIInterfaceOrientationLandscapeRight";
				LD_RUNPATH_SEARCH_PATHS = (
					"$(inherited)",
					"@executable_path/Frameworks",
				);
				MARKETING_VERSION = 1.0;
				PRODUCT_BUNDLE_IDENTIFIER = com.moeinbarzegaran.ImageFeed;
				PRODUCT_NAME = "$(TARGET_NAME)";
				SWIFT_EMIT_LOC_STRINGS = YES;
				SWIFT_VERSION = 5.0;
				TARGETED_DEVICE_FAMILY = "1,2";
			};
			name = Debug;
		};
		50EAA4D52C58EC42003D755A /* Release */ = {
			isa = XCBuildConfiguration;
			buildSettings = {
				ASSETCATALOG_COMPILER_APPICON_NAME = AppIcon;
				ASSETCATALOG_COMPILER_GLOBAL_ACCENT_COLOR_NAME = AccentColor;
				CODE_SIGN_STYLE = Automatic;
				CURRENT_PROJECT_VERSION = 1;
				DEVELOPMENT_TEAM = TJ9KDXMGMG;
				GENERATE_INFOPLIST_FILE = YES;
				INFOPLIST_FILE = ImageFeed/Info.plist;
				INFOPLIST_KEY_UIApplicationSupportsIndirectInputEvents = YES;
				INFOPLIST_KEY_UILaunchStoryboardName = LaunchScreen;
				INFOPLIST_KEY_UIMainStoryboardFile = "";
				INFOPLIST_KEY_UISupportedInterfaceOrientations_iPad = "UIInterfaceOrientationPortrait UIInterfaceOrientationPortraitUpsideDown UIInterfaceOrientationLandscapeLeft UIInterfaceOrientationLandscapeRight";
				INFOPLIST_KEY_UISupportedInterfaceOrientations_iPhone = "UIInterfaceOrientationPortrait UIInterfaceOrientationLandscapeLeft UIInterfaceOrientationLandscapeRight";
				LD_RUNPATH_SEARCH_PATHS = (
					"$(inherited)",
					"@executable_path/Frameworks",
				);
				MARKETING_VERSION = 1.0;
				PRODUCT_BUNDLE_IDENTIFIER = com.moeinbarzegaran.ImageFeed;
				PRODUCT_NAME = "$(TARGET_NAME)";
				SWIFT_EMIT_LOC_STRINGS = YES;
				SWIFT_VERSION = 5.0;
				TARGETED_DEVICE_FAMILY = "1,2";
			};
			name = Release;
		};
/* End XCBuildConfiguration section */

/* Begin XCConfigurationList section */
		50EAA4BA2C58EC3F003D755A /* Build configuration list for PBXProject "ImageFeed" */ = {
			isa = XCConfigurationList;
			buildConfigurations = (
				50EAA4D12C58EC42003D755A /* Debug */,
				50EAA4D22C58EC42003D755A /* Release */,
			);
			defaultConfigurationIsVisible = 0;
			defaultConfigurationName = Release;
		};
		50EAA4D32C58EC42003D755A /* Build configuration list for PBXNativeTarget "ImageFeed" */ = {
			isa = XCConfigurationList;
			buildConfigurations = (
				50EAA4D42C58EC42003D755A /* Debug */,
				50EAA4D52C58EC42003D755A /* Release */,
			);
			defaultConfigurationIsVisible = 0;
			defaultConfigurationName = Release;
		};
/* End XCConfigurationList section */
	};
	rootObject = 50EAA4B72C58EC3F003D755A /* Project object */;
}
